// !$*UTF8*$!
{
	archiveVersion = 1;
	classes = {
	};
	objectVersion = 46;
	objects = {

/* Begin PBXBuildFile section */
		6976B2BBC94401752CFA4C7B /* Pods_iOSTest.framework in Frameworks */ = {isa = PBXBuildFile; fileRef = BC42A8E4CE63C34D7797EE28 /* Pods_iOSTest.framework */; };
		B42E1DEC1C5BA7A100BDAC77 /* AppDelegate.swift in Sources */ = {isa = PBXBuildFile; fileRef = B42E1DEB1C5BA7A100BDAC77 /* AppDelegate.swift */; };
		B42E1DF31C5BA7A200BDAC77 /* Assets.xcassets in Resources */ = {isa = PBXBuildFile; fileRef = B42E1DF21C5BA7A200BDAC77 /* Assets.xcassets */; };
		B42E1DF61C5BA7A200BDAC77 /* LaunchScreen.storyboard in Resources */ = {isa = PBXBuildFile; fileRef = B42E1DF41C5BA7A200BDAC77 /* LaunchScreen.storyboard */; };
		B42E1E011C5BA7A200BDAC77 /* iOSTestTests.swift in Sources */ = {isa = PBXBuildFile; fileRef = B42E1E001C5BA7A200BDAC77 /* iOSTestTests.swift */; };
		B42E1E0C1C5BA7A200BDAC77 /* iOSTestUITests.swift in Sources */ = {isa = PBXBuildFile; fileRef = B42E1E0B1C5BA7A200BDAC77 /* iOSTestUITests.swift */; };
		B42E1E1A1C5BAAB000BDAC77 /* Storyboard.storyboard in Resources */ = {isa = PBXBuildFile; fileRef = B42E1E191C5BAAB000BDAC77 /* Storyboard.storyboard */; };
		B43D65B21C5B83BC00BEDDC4 /* MapKit.framework in Frameworks */ = {isa = PBXBuildFile; fileRef = B43D65B11C5B83BC00BEDDC4 /* MapKit.framework */; };
		B4423DD31C5B729C00B9B0A7 /* AppDelegate.swift in Sources */ = {isa = PBXBuildFile; fileRef = B4423DD21C5B729C00B9B0A7 /* AppDelegate.swift */; };
		B4423DD51C5B729C00B9B0A7 /* FirstViewController.swift in Sources */ = {isa = PBXBuildFile; fileRef = B4423DD41C5B729C00B9B0A7 /* FirstViewController.swift */; };
		B4423DDA1C5B729C00B9B0A7 /* Main.storyboard in Resources */ = {isa = PBXBuildFile; fileRef = B4423DD81C5B729C00B9B0A7 /* Main.storyboard */; };
		B4423DDC1C5B729D00B9B0A7 /* Assets.xcassets in Resources */ = {isa = PBXBuildFile; fileRef = B4423DDB1C5B729D00B9B0A7 /* Assets.xcassets */; };
		B4423DE71C5B729D00B9B0A7 /* TVTestTests.swift in Sources */ = {isa = PBXBuildFile; fileRef = B4423DE61C5B729D00B9B0A7 /* TVTestTests.swift */; };
		B4423DF21C5B729D00B9B0A7 /* TVTestUITests.swift in Sources */ = {isa = PBXBuildFile; fileRef = B4423DF11C5B729D00B9B0A7 /* TVTestUITests.swift */; };
		B47FA6481C805D18003B29FE /* CollectionViewHelper.swift in Sources */ = {isa = PBXBuildFile; fileRef = B47FA6471C805D18003B29FE /* CollectionViewHelper.swift */; };
		B47FA6491C805D18003B29FE /* CollectionViewHelper.swift in Sources */ = {isa = PBXBuildFile; fileRef = B47FA6471C805D18003B29FE /* CollectionViewHelper.swift */; };
		B47FA64B1C806089003B29FE /* CPFShelfCells.swift in Sources */ = {isa = PBXBuildFile; fileRef = B47FA64A1C806089003B29FE /* CPFShelfCells.swift */; };
		B47FA64C1C806089003B29FE /* CPFShelfCells.swift in Sources */ = {isa = PBXBuildFile; fileRef = B47FA64A1C806089003B29FE /* CPFShelfCells.swift */; };
		B491106B1C80A23000B21276 /* CPFDataModels.swift in Sources */ = {isa = PBXBuildFile; fileRef = B491106A1C80A23000B21276 /* CPFDataModels.swift */; };
		B491106C1C80A23000B21276 /* CPFDataModels.swift in Sources */ = {isa = PBXBuildFile; fileRef = B491106A1C80A23000B21276 /* CPFDataModels.swift */; };
		B4EC26D91C5BBD600096A602 /* CPFShelfView.swift in Sources */ = {isa = PBXBuildFile; fileRef = B4EC26D81C5BBD600096A602 /* CPFShelfView.swift */; };
		DB2EA0F5877A010D76E5AAB4 /* Pods_TVTest.framework in Frameworks */ = {isa = PBXBuildFile; fileRef = 0544928FE1E318C066251F8F /* Pods_TVTest.framework */; };
/* End PBXBuildFile section */

/* Begin PBXContainerItemProxy section */
		B42E1DFD1C5BA7A200BDAC77 /* PBXContainerItemProxy */ = {
			isa = PBXContainerItemProxy;
			containerPortal = B4423DC71C5B729C00B9B0A7 /* Project object */;
			proxyType = 1;
			remoteGlobalIDString = B42E1DE81C5BA7A100BDAC77;
			remoteInfo = iOSTest;
		};
		B42E1E081C5BA7A200BDAC77 /* PBXContainerItemProxy */ = {
			isa = PBXContainerItemProxy;
			containerPortal = B4423DC71C5B729C00B9B0A7 /* Project object */;
			proxyType = 1;
			remoteGlobalIDString = B42E1DE81C5BA7A100BDAC77;
			remoteInfo = iOSTest;
		};
		B4423DE31C5B729D00B9B0A7 /* PBXContainerItemProxy */ = {
			isa = PBXContainerItemProxy;
			containerPortal = B4423DC71C5B729C00B9B0A7 /* Project object */;
			proxyType = 1;
			remoteGlobalIDString = B4423DCE1C5B729C00B9B0A7;
			remoteInfo = TVTest;
		};
		B4423DEE1C5B729D00B9B0A7 /* PBXContainerItemProxy */ = {
			isa = PBXContainerItemProxy;
			containerPortal = B4423DC71C5B729C00B9B0A7 /* Project object */;
			proxyType = 1;
			remoteGlobalIDString = B4423DCE1C5B729C00B9B0A7;
			remoteInfo = TVTest;
		};
/* End PBXContainerItemProxy section */

/* Begin PBXFileReference section */
		0544928FE1E318C066251F8F /* Pods_TVTest.framework */ = {isa = PBXFileReference; explicitFileType = wrapper.framework; includeInIndex = 0; path = Pods_TVTest.framework; sourceTree = BUILT_PRODUCTS_DIR; };
		15164002F3BAC69B1B5A1742 /* Pods-TVTest.release.xcconfig */ = {isa = PBXFileReference; includeInIndex = 1; lastKnownFileType = text.xcconfig; name = "Pods-TVTest.release.xcconfig"; path = "Pods/Target Support Files/Pods-TVTest/Pods-TVTest.release.xcconfig"; sourceTree = "<group>"; };
		15B907D2C236FB420A9F3DA8 /* Pods-iOSTest.debug.xcconfig */ = {isa = PBXFileReference; includeInIndex = 1; lastKnownFileType = text.xcconfig; name = "Pods-iOSTest.debug.xcconfig"; path = "Pods/Target Support Files/Pods-iOSTest/Pods-iOSTest.debug.xcconfig"; sourceTree = "<group>"; };
		48F06B226467CC17AA6256D0 /* Pods-iOSTest.release.xcconfig */ = {isa = PBXFileReference; includeInIndex = 1; lastKnownFileType = text.xcconfig; name = "Pods-iOSTest.release.xcconfig"; path = "Pods/Target Support Files/Pods-iOSTest/Pods-iOSTest.release.xcconfig"; sourceTree = "<group>"; };
		B42E1DE91C5BA7A100BDAC77 /* iOSTest.app */ = {isa = PBXFileReference; explicitFileType = wrapper.application; includeInIndex = 0; path = iOSTest.app; sourceTree = BUILT_PRODUCTS_DIR; };
		B42E1DEB1C5BA7A100BDAC77 /* AppDelegate.swift */ = {isa = PBXFileReference; lastKnownFileType = sourcecode.swift; path = AppDelegate.swift; sourceTree = "<group>"; };
		B42E1DF21C5BA7A200BDAC77 /* Assets.xcassets */ = {isa = PBXFileReference; lastKnownFileType = folder.assetcatalog; path = Assets.xcassets; sourceTree = "<group>"; };
		B42E1DF51C5BA7A200BDAC77 /* Base */ = {isa = PBXFileReference; lastKnownFileType = file.storyboard; name = Base; path = Base.lproj/LaunchScreen.storyboard; sourceTree = "<group>"; };
		B42E1DF71C5BA7A200BDAC77 /* Info.plist */ = {isa = PBXFileReference; lastKnownFileType = text.plist.xml; path = Info.plist; sourceTree = "<group>"; };
		B42E1DFC1C5BA7A200BDAC77 /* iOSTestTests.xctest */ = {isa = PBXFileReference; explicitFileType = wrapper.cfbundle; includeInIndex = 0; path = iOSTestTests.xctest; sourceTree = BUILT_PRODUCTS_DIR; };
		B42E1E001C5BA7A200BDAC77 /* iOSTestTests.swift */ = {isa = PBXFileReference; lastKnownFileType = sourcecode.swift; path = iOSTestTests.swift; sourceTree = "<group>"; };
		B42E1E021C5BA7A200BDAC77 /* Info.plist */ = {isa = PBXFileReference; lastKnownFileType = text.plist.xml; path = Info.plist; sourceTree = "<group>"; };
		B42E1E071C5BA7A200BDAC77 /* iOSTestUITests.xctest */ = {isa = PBXFileReference; explicitFileType = wrapper.cfbundle; includeInIndex = 0; path = iOSTestUITests.xctest; sourceTree = BUILT_PRODUCTS_DIR; };
		B42E1E0B1C5BA7A200BDAC77 /* iOSTestUITests.swift */ = {isa = PBXFileReference; lastKnownFileType = sourcecode.swift; path = iOSTestUITests.swift; sourceTree = "<group>"; };
		B42E1E0D1C5BA7A200BDAC77 /* Info.plist */ = {isa = PBXFileReference; lastKnownFileType = text.plist.xml; path = Info.plist; sourceTree = "<group>"; };
		B42E1E191C5BAAB000BDAC77 /* Storyboard.storyboard */ = {isa = PBXFileReference; fileEncoding = 4; lastKnownFileType = file.storyboard; path = Storyboard.storyboard; sourceTree = "<group>"; };
		B43D65B11C5B83BC00BEDDC4 /* MapKit.framework */ = {isa = PBXFileReference; lastKnownFileType = wrapper.framework; name = MapKit.framework; path = System/Library/Frameworks/MapKit.framework; sourceTree = SDKROOT; };
		B4423DCF1C5B729C00B9B0A7 /* TVTest.app */ = {isa = PBXFileReference; explicitFileType = wrapper.application; includeInIndex = 0; path = TVTest.app; sourceTree = BUILT_PRODUCTS_DIR; };
		B4423DD21C5B729C00B9B0A7 /* AppDelegate.swift */ = {isa = PBXFileReference; lastKnownFileType = sourcecode.swift; path = AppDelegate.swift; sourceTree = "<group>"; };
		B4423DD41C5B729C00B9B0A7 /* FirstViewController.swift */ = {isa = PBXFileReference; lastKnownFileType = sourcecode.swift; path = FirstViewController.swift; sourceTree = "<group>"; };
		B4423DD91C5B729C00B9B0A7 /* Base */ = {isa = PBXFileReference; lastKnownFileType = file.storyboard; name = Base; path = Base.lproj/Main.storyboard; sourceTree = "<group>"; };
		B4423DDB1C5B729D00B9B0A7 /* Assets.xcassets */ = {isa = PBXFileReference; lastKnownFileType = folder.assetcatalog; path = Assets.xcassets; sourceTree = "<group>"; };
		B4423DDD1C5B729D00B9B0A7 /* Info.plist */ = {isa = PBXFileReference; lastKnownFileType = text.plist.xml; path = Info.plist; sourceTree = "<group>"; };
		B4423DE21C5B729D00B9B0A7 /* TVTestTests.xctest */ = {isa = PBXFileReference; explicitFileType = wrapper.cfbundle; includeInIndex = 0; path = TVTestTests.xctest; sourceTree = BUILT_PRODUCTS_DIR; };
		B4423DE61C5B729D00B9B0A7 /* TVTestTests.swift */ = {isa = PBXFileReference; lastKnownFileType = sourcecode.swift; path = TVTestTests.swift; sourceTree = "<group>"; };
		B4423DE81C5B729D00B9B0A7 /* Info.plist */ = {isa = PBXFileReference; lastKnownFileType = text.plist.xml; path = Info.plist; sourceTree = "<group>"; };
		B4423DED1C5B729D00B9B0A7 /* TVTestUITests.xctest */ = {isa = PBXFileReference; explicitFileType = wrapper.cfbundle; includeInIndex = 0; path = TVTestUITests.xctest; sourceTree = BUILT_PRODUCTS_DIR; };
		B4423DF11C5B729D00B9B0A7 /* TVTestUITests.swift */ = {isa = PBXFileReference; lastKnownFileType = sourcecode.swift; path = TVTestUITests.swift; sourceTree = "<group>"; };
		B4423DF31C5B729D00B9B0A7 /* Info.plist */ = {isa = PBXFileReference; lastKnownFileType = text.plist.xml; path = Info.plist; sourceTree = "<group>"; };
		B47FA6471C805D18003B29FE /* CollectionViewHelper.swift */ = {isa = PBXFileReference; fileEncoding = 4; lastKnownFileType = sourcecode.swift; path = CollectionViewHelper.swift; sourceTree = "<group>"; };
		B47FA64A1C806089003B29FE /* CPFShelfCells.swift */ = {isa = PBXFileReference; fileEncoding = 4; lastKnownFileType = sourcecode.swift; path = CPFShelfCells.swift; sourceTree = "<group>"; };
		B491106A1C80A23000B21276 /* CPFDataModels.swift */ = {isa = PBXFileReference; fileEncoding = 4; lastKnownFileType = sourcecode.swift; path = CPFDataModels.swift; sourceTree = "<group>"; };
		B4EC26D81C5BBD600096A602 /* CPFShelfView.swift */ = {isa = PBXFileReference; fileEncoding = 4; lastKnownFileType = sourcecode.swift; path = CPFShelfView.swift; sourceTree = "<group>"; };
		BC42A8E4CE63C34D7797EE28 /* Pods_iOSTest.framework */ = {isa = PBXFileReference; explicitFileType = wrapper.framework; includeInIndex = 0; path = Pods_iOSTest.framework; sourceTree = BUILT_PRODUCTS_DIR; };
		F8559C7323672B55A5FA6796 /* Pods-TVTest.debug.xcconfig */ = {isa = PBXFileReference; includeInIndex = 1; lastKnownFileType = text.xcconfig; name = "Pods-TVTest.debug.xcconfig"; path = "Pods/Target Support Files/Pods-TVTest/Pods-TVTest.debug.xcconfig"; sourceTree = "<group>"; };
/* End PBXFileReference section */

/* Begin PBXFrameworksBuildPhase section */
		B42E1DE61C5BA7A100BDAC77 /* Frameworks */ = {
			isa = PBXFrameworksBuildPhase;
			buildActionMask = 2147483647;
			files = (
				6976B2BBC94401752CFA4C7B /* Pods_iOSTest.framework in Frameworks */,
			);
			runOnlyForDeploymentPostprocessing = 0;
		};
		B42E1DF91C5BA7A200BDAC77 /* Frameworks */ = {
			isa = PBXFrameworksBuildPhase;
			buildActionMask = 2147483647;
			files = (
			);
			runOnlyForDeploymentPostprocessing = 0;
		};
		B42E1E041C5BA7A200BDAC77 /* Frameworks */ = {
			isa = PBXFrameworksBuildPhase;
			buildActionMask = 2147483647;
			files = (
			);
			runOnlyForDeploymentPostprocessing = 0;
		};
		B4423DCC1C5B729C00B9B0A7 /* Frameworks */ = {
			isa = PBXFrameworksBuildPhase;
			buildActionMask = 2147483647;
			files = (
				B43D65B21C5B83BC00BEDDC4 /* MapKit.framework in Frameworks */,
				DB2EA0F5877A010D76E5AAB4 /* Pods_TVTest.framework in Frameworks */,
			);
			runOnlyForDeploymentPostprocessing = 0;
		};
		B4423DDF1C5B729D00B9B0A7 /* Frameworks */ = {
			isa = PBXFrameworksBuildPhase;
			buildActionMask = 2147483647;
			files = (
			);
			runOnlyForDeploymentPostprocessing = 0;
		};
		B4423DEA1C5B729D00B9B0A7 /* Frameworks */ = {
			isa = PBXFrameworksBuildPhase;
			buildActionMask = 2147483647;
			files = (
			);
			runOnlyForDeploymentPostprocessing = 0;
		};
/* End PBXFrameworksBuildPhase section */

/* Begin PBXGroup section */
		43E7C91A810714F3E7209265 /* Frameworks */ = {
			isa = PBXGroup;
			children = (
				B43D65B11C5B83BC00BEDDC4 /* MapKit.framework */,
				0544928FE1E318C066251F8F /* Pods_TVTest.framework */,
				BC42A8E4CE63C34D7797EE28 /* Pods_iOSTest.framework */,
			);
			name = Frameworks;
			sourceTree = "<group>";
		};
		B42E1DEA1C5BA7A100BDAC77 /* iOSTest */ = {
			isa = PBXGroup;
			children = (
				B42E1DEB1C5BA7A100BDAC77 /* AppDelegate.swift */,
				B42E1E191C5BAAB000BDAC77 /* Storyboard.storyboard */,
				B42E1DF21C5BA7A200BDAC77 /* Assets.xcassets */,
				B42E1DF41C5BA7A200BDAC77 /* LaunchScreen.storyboard */,
				B42E1DF71C5BA7A200BDAC77 /* Info.plist */,
			);
			path = iOSTest;
			sourceTree = "<group>";
		};
		B42E1DFF1C5BA7A200BDAC77 /* iOSTestTests */ = {
			isa = PBXGroup;
			children = (
				B42E1E001C5BA7A200BDAC77 /* iOSTestTests.swift */,
				B42E1E021C5BA7A200BDAC77 /* Info.plist */,
			);
			path = iOSTestTests;
			sourceTree = "<group>";
		};
		B42E1E0A1C5BA7A200BDAC77 /* iOSTestUITests */ = {
			isa = PBXGroup;
			children = (
				B42E1E0B1C5BA7A200BDAC77 /* iOSTestUITests.swift */,
				B42E1E0D1C5BA7A200BDAC77 /* Info.plist */,
			);
			path = iOSTestUITests;
			sourceTree = "<group>";
		};
		B4423DC61C5B729C00B9B0A7 = {
			isa = PBXGroup;
			children = (
				B4423DD11C5B729C00B9B0A7 /* TVTest */,
				B4423DE51C5B729D00B9B0A7 /* TVTestTests */,
				B4423DF01C5B729D00B9B0A7 /* TVTestUITests */,
				B42E1DEA1C5BA7A100BDAC77 /* iOSTest */,
				B42E1DFF1C5BA7A200BDAC77 /* iOSTestTests */,
				B42E1E0A1C5BA7A200BDAC77 /* iOSTestUITests */,
				B4423DD01C5B729C00B9B0A7 /* Products */,
				B48B28F7FCD40C404605E1FD /* Pods */,
				43E7C91A810714F3E7209265 /* Frameworks */,
			);
			sourceTree = "<group>";
		};
		B4423DD01C5B729C00B9B0A7 /* Products */ = {
			isa = PBXGroup;
			children = (
				B4423DCF1C5B729C00B9B0A7 /* TVTest.app */,
				B4423DE21C5B729D00B9B0A7 /* TVTestTests.xctest */,
				B4423DED1C5B729D00B9B0A7 /* TVTestUITests.xctest */,
				B42E1DE91C5BA7A100BDAC77 /* iOSTest.app */,
				B42E1DFC1C5BA7A200BDAC77 /* iOSTestTests.xctest */,
				B42E1E071C5BA7A200BDAC77 /* iOSTestUITests.xctest */,
			);
			name = Products;
			sourceTree = "<group>";
		};
		B4423DD11C5B729C00B9B0A7 /* TVTest */ = {
			isa = PBXGroup;
			children = (
				B4423DD21C5B729C00B9B0A7 /* AppDelegate.swift */,
				B4423DD41C5B729C00B9B0A7 /* FirstViewController.swift */,
				B4EC26D81C5BBD600096A602 /* CPFShelfView.swift */,
				B47FA64A1C806089003B29FE /* CPFShelfCells.swift */,
				B491106A1C80A23000B21276 /* CPFDataModels.swift */,
				B47FA6471C805D18003B29FE /* CollectionViewHelper.swift */,
				B4423DD81C5B729C00B9B0A7 /* Main.storyboard */,
				B4423DDB1C5B729D00B9B0A7 /* Assets.xcassets */,
				B4423DDD1C5B729D00B9B0A7 /* Info.plist */,
			);
			path = TVTest;
			sourceTree = "<group>";
		};
		B4423DE51C5B729D00B9B0A7 /* TVTestTests */ = {
			isa = PBXGroup;
			children = (
				B4423DE61C5B729D00B9B0A7 /* TVTestTests.swift */,
				B4423DE81C5B729D00B9B0A7 /* Info.plist */,
			);
			path = TVTestTests;
			sourceTree = "<group>";
		};
		B4423DF01C5B729D00B9B0A7 /* TVTestUITests */ = {
			isa = PBXGroup;
			children = (
				B4423DF11C5B729D00B9B0A7 /* TVTestUITests.swift */,
				B4423DF31C5B729D00B9B0A7 /* Info.plist */,
			);
			path = TVTestUITests;
			sourceTree = "<group>";
		};
		B48B28F7FCD40C404605E1FD /* Pods */ = {
			isa = PBXGroup;
			children = (
				F8559C7323672B55A5FA6796 /* Pods-TVTest.debug.xcconfig */,
				15164002F3BAC69B1B5A1742 /* Pods-TVTest.release.xcconfig */,
				15B907D2C236FB420A9F3DA8 /* Pods-iOSTest.debug.xcconfig */,
				48F06B226467CC17AA6256D0 /* Pods-iOSTest.release.xcconfig */,
			);
			name = Pods;
			sourceTree = "<group>";
		};
/* End PBXGroup section */

/* Begin PBXNativeTarget section */
		B42E1DE81C5BA7A100BDAC77 /* iOSTest */ = {
			isa = PBXNativeTarget;
			buildConfigurationList = B42E1E141C5BA7A200BDAC77 /* Build configuration list for PBXNativeTarget "iOSTest" */;
			buildPhases = (
				78121C47EF69BB87EBEF679A /* Check Pods Manifest.lock */,
				B42E1DE51C5BA7A100BDAC77 /* Sources */,
				B42E1DE61C5BA7A100BDAC77 /* Frameworks */,
				B42E1DE71C5BA7A100BDAC77 /* Resources */,
				FBBF02A67F14AEAEB8D46A36 /* Embed Pods Frameworks */,
				1057B723BD303EF657561478 /* Copy Pods Resources */,
			);
			buildRules = (
			);
			dependencies = (
			);
			name = iOSTest;
			productName = iOSTest;
			productReference = B42E1DE91C5BA7A100BDAC77 /* iOSTest.app */;
			productType = "com.apple.product-type.application";
		};
		B42E1DFB1C5BA7A200BDAC77 /* iOSTestTests */ = {
			isa = PBXNativeTarget;
			buildConfigurationList = B42E1E151C5BA7A200BDAC77 /* Build configuration list for PBXNativeTarget "iOSTestTests" */;
			buildPhases = (
				B42E1DF81C5BA7A200BDAC77 /* Sources */,
				B42E1DF91C5BA7A200BDAC77 /* Frameworks */,
				B42E1DFA1C5BA7A200BDAC77 /* Resources */,
			);
			buildRules = (
			);
			dependencies = (
				B42E1DFE1C5BA7A200BDAC77 /* PBXTargetDependency */,
			);
			name = iOSTestTests;
			productName = iOSTestTests;
			productReference = B42E1DFC1C5BA7A200BDAC77 /* iOSTestTests.xctest */;
			productType = "com.apple.product-type.bundle.unit-test";
		};
		B42E1E061C5BA7A200BDAC77 /* iOSTestUITests */ = {
			isa = PBXNativeTarget;
			buildConfigurationList = B42E1E161C5BA7A200BDAC77 /* Build configuration list for PBXNativeTarget "iOSTestUITests" */;
			buildPhases = (
				B42E1E031C5BA7A200BDAC77 /* Sources */,
				B42E1E041C5BA7A200BDAC77 /* Frameworks */,
				B42E1E051C5BA7A200BDAC77 /* Resources */,
			);
			buildRules = (
			);
			dependencies = (
				B42E1E091C5BA7A200BDAC77 /* PBXTargetDependency */,
			);
			name = iOSTestUITests;
			productName = iOSTestUITests;
			productReference = B42E1E071C5BA7A200BDAC77 /* iOSTestUITests.xctest */;
			productType = "com.apple.product-type.bundle.ui-testing";
		};
		B4423DCE1C5B729C00B9B0A7 /* TVTest */ = {
			isa = PBXNativeTarget;
			buildConfigurationList = B4423DF61C5B729D00B9B0A7 /* Build configuration list for PBXNativeTarget "TVTest" */;
			buildPhases = (
				9005BE2B9146B68AB9831554 /* Check Pods Manifest.lock */,
				B4423DCB1C5B729C00B9B0A7 /* Sources */,
				B4423DCC1C5B729C00B9B0A7 /* Frameworks */,
				B4423DCD1C5B729C00B9B0A7 /* Resources */,
				4D64442C2CDC60260B651318 /* Embed Pods Frameworks */,
				D67947DF897F024F0C28DBF3 /* Copy Pods Resources */,
			);
			buildRules = (
			);
			dependencies = (
			);
			name = TVTest;
			productName = TVTest;
			productReference = B4423DCF1C5B729C00B9B0A7 /* TVTest.app */;
			productType = "com.apple.product-type.application";
		};
		B4423DE11C5B729D00B9B0A7 /* TVTestTests */ = {
			isa = PBXNativeTarget;
			buildConfigurationList = B4423DF91C5B729D00B9B0A7 /* Build configuration list for PBXNativeTarget "TVTestTests" */;
			buildPhases = (
				B4423DDE1C5B729D00B9B0A7 /* Sources */,
				B4423DDF1C5B729D00B9B0A7 /* Frameworks */,
				B4423DE01C5B729D00B9B0A7 /* Resources */,
			);
			buildRules = (
			);
			dependencies = (
				B4423DE41C5B729D00B9B0A7 /* PBXTargetDependency */,
			);
			name = TVTestTests;
			productName = TVTestTests;
			productReference = B4423DE21C5B729D00B9B0A7 /* TVTestTests.xctest */;
			productType = "com.apple.product-type.bundle.unit-test";
		};
		B4423DEC1C5B729D00B9B0A7 /* TVTestUITests */ = {
			isa = PBXNativeTarget;
			buildConfigurationList = B4423DFC1C5B729D00B9B0A7 /* Build configuration list for PBXNativeTarget "TVTestUITests" */;
			buildPhases = (
				B4423DE91C5B729D00B9B0A7 /* Sources */,
				B4423DEA1C5B729D00B9B0A7 /* Frameworks */,
				B4423DEB1C5B729D00B9B0A7 /* Resources */,
			);
			buildRules = (
			);
			dependencies = (
				B4423DEF1C5B729D00B9B0A7 /* PBXTargetDependency */,
			);
			name = TVTestUITests;
			productName = TVTestUITests;
			productReference = B4423DED1C5B729D00B9B0A7 /* TVTestUITests.xctest */;
			productType = "com.apple.product-type.bundle.ui-testing";
		};
/* End PBXNativeTarget section */

/* Begin PBXProject section */
		B4423DC71C5B729C00B9B0A7 /* Project object */ = {
			isa = PBXProject;
			attributes = {
				LastSwiftUpdateCheck = 0730;
				LastUpgradeCheck = 0720;
				ORGANIZATIONNAME = "Tailored Apps";
				TargetAttributes = {
					B42E1DE81C5BA7A100BDAC77 = {
						CreatedOnToolsVersion = 7.3;
					};
					B42E1DFB1C5BA7A200BDAC77 = {
						CreatedOnToolsVersion = 7.3;
						TestTargetID = B42E1DE81C5BA7A100BDAC77;
					};
					B42E1E061C5BA7A200BDAC77 = {
						CreatedOnToolsVersion = 7.3;
						TestTargetID = B42E1DE81C5BA7A100BDAC77;
					};
					B4423DCE1C5B729C00B9B0A7 = {
						CreatedOnToolsVersion = 7.2;
						DevelopmentTeam = 22DEN472RY;
					};
					B4423DE11C5B729D00B9B0A7 = {
						CreatedOnToolsVersion = 7.2;
						TestTargetID = B4423DCE1C5B729C00B9B0A7;
					};
					B4423DEC1C5B729D00B9B0A7 = {
						CreatedOnToolsVersion = 7.2;
						TestTargetID = B4423DCE1C5B729C00B9B0A7;
					};
				};
			};
			buildConfigurationList = B4423DCA1C5B729C00B9B0A7 /* Build configuration list for PBXProject "TVTest" */;
			compatibilityVersion = "Xcode 3.2";
			developmentRegion = English;
			hasScannedForEncodings = 0;
			knownRegions = (
				en,
				Base,
			);
			mainGroup = B4423DC61C5B729C00B9B0A7;
			productRefGroup = B4423DD01C5B729C00B9B0A7 /* Products */;
			projectDirPath = "";
			projectRoot = "";
			targets = (
				B4423DCE1C5B729C00B9B0A7 /* TVTest */,
				B4423DE11C5B729D00B9B0A7 /* TVTestTests */,
				B4423DEC1C5B729D00B9B0A7 /* TVTestUITests */,
				B42E1DE81C5BA7A100BDAC77 /* iOSTest */,
				B42E1DFB1C5BA7A200BDAC77 /* iOSTestTests */,
				B42E1E061C5BA7A200BDAC77 /* iOSTestUITests */,
			);
		};
/* End PBXProject section */

/* Begin PBXResourcesBuildPhase section */
		B42E1DE71C5BA7A100BDAC77 /* Resources */ = {
			isa = PBXResourcesBuildPhase;
			buildActionMask = 2147483647;
			files = (
				B42E1DF61C5BA7A200BDAC77 /* LaunchScreen.storyboard in Resources */,
				B42E1DF31C5BA7A200BDAC77 /* Assets.xcassets in Resources */,
				B42E1E1A1C5BAAB000BDAC77 /* Storyboard.storyboard in Resources */,
			);
			runOnlyForDeploymentPostprocessing = 0;
		};
		B42E1DFA1C5BA7A200BDAC77 /* Resources */ = {
			isa = PBXResourcesBuildPhase;
			buildActionMask = 2147483647;
			files = (
			);
			runOnlyForDeploymentPostprocessing = 0;
		};
		B42E1E051C5BA7A200BDAC77 /* Resources */ = {
			isa = PBXResourcesBuildPhase;
			buildActionMask = 2147483647;
			files = (
			);
			runOnlyForDeploymentPostprocessing = 0;
		};
		B4423DCD1C5B729C00B9B0A7 /* Resources */ = {
			isa = PBXResourcesBuildPhase;
			buildActionMask = 2147483647;
			files = (
				B4423DDC1C5B729D00B9B0A7 /* Assets.xcassets in Resources */,
				B4423DDA1C5B729C00B9B0A7 /* Main.storyboard in Resources */,
			);
			runOnlyForDeploymentPostprocessing = 0;
		};
		B4423DE01C5B729D00B9B0A7 /* Resources */ = {
			isa = PBXResourcesBuildPhase;
			buildActionMask = 2147483647;
			files = (
			);
			runOnlyForDeploymentPostprocessing = 0;
		};
		B4423DEB1C5B729D00B9B0A7 /* Resources */ = {
			isa = PBXResourcesBuildPhase;
			buildActionMask = 2147483647;
			files = (
			);
			runOnlyForDeploymentPostprocessing = 0;
		};
/* End PBXResourcesBuildPhase section */

/* Begin PBXShellScriptBuildPhase section */
		1057B723BD303EF657561478 /* Copy Pods Resources */ = {
			isa = PBXShellScriptBuildPhase;
			buildActionMask = 2147483647;
			files = (
			);
			inputPaths = (
			);
			name = "Copy Pods Resources";
			outputPaths = (
			);
			runOnlyForDeploymentPostprocessing = 0;
			shellPath = /bin/sh;
			shellScript = "\"${SRCROOT}/Pods/Target Support Files/Pods-iOSTest/Pods-iOSTest-resources.sh\"\n";
			showEnvVarsInLog = 0;
		};
		4D64442C2CDC60260B651318 /* Embed Pods Frameworks */ = {
			isa = PBXShellScriptBuildPhase;
			buildActionMask = 2147483647;
			files = (
			);
			inputPaths = (
			);
			name = "Embed Pods Frameworks";
			outputPaths = (
			);
			runOnlyForDeploymentPostprocessing = 0;
			shellPath = /bin/sh;
			shellScript = "\"${SRCROOT}/Pods/Target Support Files/Pods-TVTest/Pods-TVTest-frameworks.sh\"\n";
			showEnvVarsInLog = 0;
		};
		78121C47EF69BB87EBEF679A /* Check Pods Manifest.lock */ = {
			isa = PBXShellScriptBuildPhase;
			buildActionMask = 2147483647;
			files = (
			);
			inputPaths = (
			);
			name = "Check Pods Manifest.lock";
			outputPaths = (
			);
			runOnlyForDeploymentPostprocessing = 0;
			shellPath = /bin/sh;
			shellScript = "diff \"${PODS_ROOT}/../Podfile.lock\" \"${PODS_ROOT}/Manifest.lock\" > /dev/null\nif [[ $? != 0 ]] ; then\n    cat << EOM\nerror: The sandbox is not in sync with the Podfile.lock. Run 'pod install' or update your CocoaPods installation.\nEOM\n    exit 1\nfi\n";
			showEnvVarsInLog = 0;
		};
		9005BE2B9146B68AB9831554 /* Check Pods Manifest.lock */ = {
			isa = PBXShellScriptBuildPhase;
			buildActionMask = 2147483647;
			files = (
			);
			inputPaths = (
			);
			name = "Check Pods Manifest.lock";
			outputPaths = (
			);
			runOnlyForDeploymentPostprocessing = 0;
			shellPath = /bin/sh;
			shellScript = "diff \"${PODS_ROOT}/../Podfile.lock\" \"${PODS_ROOT}/Manifest.lock\" > /dev/null\nif [[ $? != 0 ]] ; then\n    cat << EOM\nerror: The sandbox is not in sync with the Podfile.lock. Run 'pod install' or update your CocoaPods installation.\nEOM\n    exit 1\nfi\n";
			showEnvVarsInLog = 0;
		};
		D67947DF897F024F0C28DBF3 /* Copy Pods Resources */ = {
			isa = PBXShellScriptBuildPhase;
			buildActionMask = 2147483647;
			files = (
			);
			inputPaths = (
			);
			name = "Copy Pods Resources";
			outputPaths = (
			);
			runOnlyForDeploymentPostprocessing = 0;
			shellPath = /bin/sh;
			shellScript = "\"${SRCROOT}/Pods/Target Support Files/Pods-TVTest/Pods-TVTest-resources.sh\"\n";
			showEnvVarsInLog = 0;
		};
		FBBF02A67F14AEAEB8D46A36 /* Embed Pods Frameworks */ = {
			isa = PBXShellScriptBuildPhase;
			buildActionMask = 2147483647;
			files = (
			);
			inputPaths = (
			);
			name = "Embed Pods Frameworks";
			outputPaths = (
			);
			runOnlyForDeploymentPostprocessing = 0;
			shellPath = /bin/sh;
			shellScript = "\"${SRCROOT}/Pods/Target Support Files/Pods-iOSTest/Pods-iOSTest-frameworks.sh\"\n";
			showEnvVarsInLog = 0;
		};
/* End PBXShellScriptBuildPhase section */

/* Begin PBXSourcesBuildPhase section */
		B42E1DE51C5BA7A100BDAC77 /* Sources */ = {
			isa = PBXSourcesBuildPhase;
			buildActionMask = 2147483647;
			files = (
				B47FA64C1C806089003B29FE /* CPFShelfCells.swift in Sources */,
				B491106C1C80A23000B21276 /* CPFDataModels.swift in Sources */,
				B42E1DEC1C5BA7A100BDAC77 /* AppDelegate.swift in Sources */,
				B47FA6491C805D18003B29FE /* CollectionViewHelper.swift in Sources */,
			);
			runOnlyForDeploymentPostprocessing = 0;
		};
		B42E1DF81C5BA7A200BDAC77 /* Sources */ = {
			isa = PBXSourcesBuildPhase;
			buildActionMask = 2147483647;
			files = (
				B42E1E011C5BA7A200BDAC77 /* iOSTestTests.swift in Sources */,
			);
			runOnlyForDeploymentPostprocessing = 0;
		};
		B42E1E031C5BA7A200BDAC77 /* Sources */ = {
			isa = PBXSourcesBuildPhase;
			buildActionMask = 2147483647;
			files = (
				B42E1E0C1C5BA7A200BDAC77 /* iOSTestUITests.swift in Sources */,
			);
			runOnlyForDeploymentPostprocessing = 0;
		};
		B4423DCB1C5B729C00B9B0A7 /* Sources */ = {
			isa = PBXSourcesBuildPhase;
			buildActionMask = 2147483647;
			files = (
				B4423DD31C5B729C00B9B0A7 /* AppDelegate.swift in Sources */,
				B491106B1C80A23000B21276 /* CPFDataModels.swift in Sources */,
				B47FA6481C805D18003B29FE /* CollectionViewHelper.swift in Sources */,
				B4EC26D91C5BBD600096A602 /* CPFShelfView.swift in Sources */,
				B4423DD51C5B729C00B9B0A7 /* FirstViewController.swift in Sources */,
				B47FA64B1C806089003B29FE /* CPFShelfCells.swift in Sources */,
			);
			runOnlyForDeploymentPostprocessing = 0;
		};
		B4423DDE1C5B729D00B9B0A7 /* Sources */ = {
			isa = PBXSourcesBuildPhase;
			buildActionMask = 2147483647;
			files = (
				B4423DE71C5B729D00B9B0A7 /* TVTestTests.swift in Sources */,
			);
			runOnlyForDeploymentPostprocessing = 0;
		};
		B4423DE91C5B729D00B9B0A7 /* Sources */ = {
			isa = PBXSourcesBuildPhase;
			buildActionMask = 2147483647;
			files = (
				B4423DF21C5B729D00B9B0A7 /* TVTestUITests.swift in Sources */,
			);
			runOnlyForDeploymentPostprocessing = 0;
		};
/* End PBXSourcesBuildPhase section */

/* Begin PBXTargetDependency section */
		B42E1DFE1C5BA7A200BDAC77 /* PBXTargetDependency */ = {
			isa = PBXTargetDependency;
			target = B42E1DE81C5BA7A100BDAC77 /* iOSTest */;
			targetProxy = B42E1DFD1C5BA7A200BDAC77 /* PBXContainerItemProxy */;
		};
		B42E1E091C5BA7A200BDAC77 /* PBXTargetDependency */ = {
			isa = PBXTargetDependency;
			target = B42E1DE81C5BA7A100BDAC77 /* iOSTest */;
			targetProxy = B42E1E081C5BA7A200BDAC77 /* PBXContainerItemProxy */;
		};
		B4423DE41C5B729D00B9B0A7 /* PBXTargetDependency */ = {
			isa = PBXTargetDependency;
			target = B4423DCE1C5B729C00B9B0A7 /* TVTest */;
			targetProxy = B4423DE31C5B729D00B9B0A7 /* PBXContainerItemProxy */;
		};
		B4423DEF1C5B729D00B9B0A7 /* PBXTargetDependency */ = {
			isa = PBXTargetDependency;
			target = B4423DCE1C5B729C00B9B0A7 /* TVTest */;
			targetProxy = B4423DEE1C5B729D00B9B0A7 /* PBXContainerItemProxy */;
		};
/* End PBXTargetDependency section */

/* Begin PBXVariantGroup section */
		B42E1DF41C5BA7A200BDAC77 /* LaunchScreen.storyboard */ = {
			isa = PBXVariantGroup;
			children = (
				B42E1DF51C5BA7A200BDAC77 /* Base */,
			);
			name = LaunchScreen.storyboard;
			sourceTree = "<group>";
		};
		B4423DD81C5B729C00B9B0A7 /* Main.storyboard */ = {
			isa = PBXVariantGroup;
			children = (
				B4423DD91C5B729C00B9B0A7 /* Base */,
			);
			name = Main.storyboard;
			sourceTree = "<group>";
		};
/* End PBXVariantGroup section */

/* Begin XCBuildConfiguration section */
		B42E1E0E1C5BA7A200BDAC77 /* Debug */ = {
			isa = XCBuildConfiguration;
			baseConfigurationReference = 15B907D2C236FB420A9F3DA8 /* Pods-iOSTest.debug.xcconfig */;
			buildSettings = {
				ASSETCATALOG_COMPILER_APPICON_NAME = AppIcon;
				"CODE_SIGN_IDENTITY[sdk=iphoneos*]" = "iPhone Developer";
				INFOPLIST_FILE = iOSTest/Info.plist;
				IPHONEOS_DEPLOYMENT_TARGET = 9.3;
				LD_RUNPATH_SEARCH_PATHS = "$(inherited) @executable_path/Frameworks";
				PRODUCT_BUNDLE_IDENTIFIER = "com.tailored-apps.iOSTest";
				PRODUCT_NAME = "$(TARGET_NAME)";
				SDKROOT = iphoneos;
				TARGETED_DEVICE_FAMILY = "1,2";
			};
			name = Debug;
		};
		B42E1E0F1C5BA7A200BDAC77 /* Release */ = {
			isa = XCBuildConfiguration;
			baseConfigurationReference = 48F06B226467CC17AA6256D0 /* Pods-iOSTest.release.xcconfig */;
			buildSettings = {
				ASSETCATALOG_COMPILER_APPICON_NAME = AppIcon;
				"CODE_SIGN_IDENTITY[sdk=iphoneos*]" = "iPhone Developer";
				INFOPLIST_FILE = iOSTest/Info.plist;
				IPHONEOS_DEPLOYMENT_TARGET = 9.3;
				LD_RUNPATH_SEARCH_PATHS = "$(inherited) @executable_path/Frameworks";
				PRODUCT_BUNDLE_IDENTIFIER = "com.tailored-apps.iOSTest";
				PRODUCT_NAME = "$(TARGET_NAME)";
				SDKROOT = iphoneos;
				TARGETED_DEVICE_FAMILY = "1,2";
			};
			name = Release;
		};
		B42E1E101C5BA7A200BDAC77 /* Debug */ = {
			isa = XCBuildConfiguration;
			buildSettings = {
				BUNDLE_LOADER = "$(TEST_HOST)";
				"CODE_SIGN_IDENTITY[sdk=iphoneos*]" = "iPhone Developer";
				INFOPLIST_FILE = iOSTestTests/Info.plist;
				IPHONEOS_DEPLOYMENT_TARGET = 9.3;
				LD_RUNPATH_SEARCH_PATHS = "$(inherited) @executable_path/Frameworks @loader_path/Frameworks";
				PRODUCT_BUNDLE_IDENTIFIER = "com.tailored-apps.iOSTestTests";
				PRODUCT_NAME = "$(TARGET_NAME)";
				SDKROOT = iphoneos;
				TEST_HOST = "$(BUILT_PRODUCTS_DIR)/iOSTest.app/iOSTest";
			};
			name = Debug;
		};
		B42E1E111C5BA7A200BDAC77 /* Release */ = {
			isa = XCBuildConfiguration;
			buildSettings = {
				BUNDLE_LOADER = "$(TEST_HOST)";
				"CODE_SIGN_IDENTITY[sdk=iphoneos*]" = "iPhone Developer";
				INFOPLIST_FILE = iOSTestTests/Info.plist;
				IPHONEOS_DEPLOYMENT_TARGET = 9.3;
				LD_RUNPATH_SEARCH_PATHS = "$(inherited) @executable_path/Frameworks @loader_path/Frameworks";
				PRODUCT_BUNDLE_IDENTIFIER = "com.tailored-apps.iOSTestTests";
				PRODUCT_NAME = "$(TARGET_NAME)";
				SDKROOT = iphoneos;
				TEST_HOST = "$(BUILT_PRODUCTS_DIR)/iOSTest.app/iOSTest";
			};
			name = Release;
		};
		B42E1E121C5BA7A200BDAC77 /* Debug */ = {
			isa = XCBuildConfiguration;
			buildSettings = {
				"CODE_SIGN_IDENTITY[sdk=iphoneos*]" = "iPhone Developer";
				INFOPLIST_FILE = iOSTestUITests/Info.plist;
				IPHONEOS_DEPLOYMENT_TARGET = 9.3;
				LD_RUNPATH_SEARCH_PATHS = "$(inherited) @executable_path/Frameworks @loader_path/Frameworks";
				PRODUCT_BUNDLE_IDENTIFIER = "com.tailored-apps.iOSTestUITests";
				PRODUCT_NAME = "$(TARGET_NAME)";
				SDKROOT = iphoneos;
				TEST_TARGET_NAME = iOSTest;
			};
			name = Debug;
		};
		B42E1E131C5BA7A200BDAC77 /* Release */ = {
			isa = XCBuildConfiguration;
			buildSettings = {
				"CODE_SIGN_IDENTITY[sdk=iphoneos*]" = "iPhone Developer";
				INFOPLIST_FILE = iOSTestUITests/Info.plist;
				IPHONEOS_DEPLOYMENT_TARGET = 9.3;
				LD_RUNPATH_SEARCH_PATHS = "$(inherited) @executable_path/Frameworks @loader_path/Frameworks";
				PRODUCT_BUNDLE_IDENTIFIER = "com.tailored-apps.iOSTestUITests";
				PRODUCT_NAME = "$(TARGET_NAME)";
				SDKROOT = iphoneos;
				TEST_TARGET_NAME = iOSTest;
			};
			name = Release;
		};
		B4423DF41C5B729D00B9B0A7 /* Debug */ = {
			isa = XCBuildConfiguration;
			buildSettings = {
				ALWAYS_SEARCH_USER_PATHS = NO;
				CLANG_CXX_LANGUAGE_STANDARD = "gnu++0x";
				CLANG_CXX_LIBRARY = "libc++";
				CLANG_ENABLE_MODULES = YES;
				CLANG_ENABLE_OBJC_ARC = YES;
				CLANG_WARN_BOOL_CONVERSION = YES;
				CLANG_WARN_CONSTANT_CONVERSION = YES;
				CLANG_WARN_DIRECT_OBJC_ISA_USAGE = YES_ERROR;
				CLANG_WARN_EMPTY_BODY = YES;
				CLANG_WARN_ENUM_CONVERSION = YES;
				CLANG_WARN_INT_CONVERSION = YES;
				CLANG_WARN_OBJC_ROOT_CLASS = YES_ERROR;
				CLANG_WARN_UNREACHABLE_CODE = YES;
				CLANG_WARN__DUPLICATE_METHOD_MATCH = YES;
				COPY_PHASE_STRIP = NO;
				DEBUG_INFORMATION_FORMAT = dwarf;
				ENABLE_STRICT_OBJC_MSGSEND = YES;
				ENABLE_TESTABILITY = YES;
				GCC_C_LANGUAGE_STANDARD = gnu99;
				GCC_DYNAMIC_NO_PIC = NO;
				GCC_NO_COMMON_BLOCKS = YES;
				GCC_OPTIMIZATION_LEVEL = 0;
				GCC_PREPROCESSOR_DEFINITIONS = (
					"DEBUG=1",
					"$(inherited)",
				);
				GCC_WARN_64_TO_32_BIT_CONVERSION = YES;
				GCC_WARN_ABOUT_RETURN_TYPE = YES_ERROR;
				GCC_WARN_UNDECLARED_SELECTOR = YES;
				GCC_WARN_UNINITIALIZED_AUTOS = YES_AGGRESSIVE;
				GCC_WARN_UNUSED_FUNCTION = YES;
				GCC_WARN_UNUSED_VARIABLE = YES;
				MTL_ENABLE_DEBUG_INFO = YES;
				ONLY_ACTIVE_ARCH = YES;
				SDKROOT = appletvos;
				SWIFT_OPTIMIZATION_LEVEL = "-Onone";
				TARGETED_DEVICE_FAMILY = 3;
				TVOS_DEPLOYMENT_TARGET = 9.1;
			};
			name = Debug;
		};
		B4423DF51C5B729D00B9B0A7 /* Release */ = {
			isa = XCBuildConfiguration;
			buildSettings = {
				ALWAYS_SEARCH_USER_PATHS = NO;
				CLANG_CXX_LANGUAGE_STANDARD = "gnu++0x";
				CLANG_CXX_LIBRARY = "libc++";
				CLANG_ENABLE_MODULES = YES;
				CLANG_ENABLE_OBJC_ARC = YES;
				CLANG_WARN_BOOL_CONVERSION = YES;
				CLANG_WARN_CONSTANT_CONVERSION = YES;
				CLANG_WARN_DIRECT_OBJC_ISA_USAGE = YES_ERROR;
				CLANG_WARN_EMPTY_BODY = YES;
				CLANG_WARN_ENUM_CONVERSION = YES;
				CLANG_WARN_INT_CONVERSION = YES;
				CLANG_WARN_OBJC_ROOT_CLASS = YES_ERROR;
				CLANG_WARN_UNREACHABLE_CODE = YES;
				CLANG_WARN__DUPLICATE_METHOD_MATCH = YES;
				COPY_PHASE_STRIP = NO;
				DEBUG_INFORMATION_FORMAT = "dwarf-with-dsym";
				ENABLE_NS_ASSERTIONS = NO;
				ENABLE_STRICT_OBJC_MSGSEND = YES;
				GCC_C_LANGUAGE_STANDARD = gnu99;
				GCC_NO_COMMON_BLOCKS = YES;
				GCC_WARN_64_TO_32_BIT_CONVERSION = YES;
				GCC_WARN_ABOUT_RETURN_TYPE = YES_ERROR;
				GCC_WARN_UNDECLARED_SELECTOR = YES;
				GCC_WARN_UNINITIALIZED_AUTOS = YES_AGGRESSIVE;
				GCC_WARN_UNUSED_FUNCTION = YES;
				GCC_WARN_UNUSED_VARIABLE = YES;
				MTL_ENABLE_DEBUG_INFO = NO;
				SDKROOT = appletvos;
				TARGETED_DEVICE_FAMILY = 3;
				TVOS_DEPLOYMENT_TARGET = 9.1;
				VALIDATE_PRODUCT = YES;
			};
			name = Release;
		};
		B4423DF71C5B729D00B9B0A7 /* Debug */ = {
			isa = XCBuildConfiguration;
			baseConfigurationReference = F8559C7323672B55A5FA6796 /* Pods-TVTest.debug.xcconfig */;
			buildSettings = {
				ASSETCATALOG_COMPILER_APPICON_NAME = "App Icon & Top Shelf Image";
				ASSETCATALOG_COMPILER_LAUNCHIMAGE_NAME = LaunchImage;
				CODE_SIGN_IDENTITY = "iPhone Developer";
				INFOPLIST_FILE = TVTest/Info.plist;
				LD_RUNPATH_SEARCH_PATHS = "$(inherited) @executable_path/Frameworks";
				PRODUCT_BUNDLE_IDENTIFIER = "com.tailored-apps.TVTest";
				PRODUCT_NAME = "$(TARGET_NAME)";
			};
			name = Debug;
		};
		B4423DF81C5B729D00B9B0A7 /* Release */ = {
			isa = XCBuildConfiguration;
			baseConfigurationReference = 15164002F3BAC69B1B5A1742 /* Pods-TVTest.release.xcconfig */;
			buildSettings = {
				ASSETCATALOG_COMPILER_APPICON_NAME = "App Icon & Top Shelf Image";
				ASSETCATALOG_COMPILER_LAUNCHIMAGE_NAME = LaunchImage;
				CODE_SIGN_IDENTITY = "iPhone Developer";
				INFOPLIST_FILE = TVTest/Info.plist;
				LD_RUNPATH_SEARCH_PATHS = "$(inherited) @executable_path/Frameworks";
				PRODUCT_BUNDLE_IDENTIFIER = "com.tailored-apps.TVTest";
				PRODUCT_NAME = "$(TARGET_NAME)";
			};
			name = Release;
		};
		B4423DFA1C5B729D00B9B0A7 /* Debug */ = {
			isa = XCBuildConfiguration;
			buildSettings = {
				BUNDLE_LOADER = "$(TEST_HOST)";
				INFOPLIST_FILE = TVTestTests/Info.plist;
				LD_RUNPATH_SEARCH_PATHS = "$(inherited) @executable_path/Frameworks @loader_path/Frameworks";
				PRODUCT_BUNDLE_IDENTIFIER = "com.tailored-apps.TVTestTests";
				PRODUCT_NAME = "$(TARGET_NAME)";
				TEST_HOST = "$(BUILT_PRODUCTS_DIR)/TVTest.app/TVTest";
			};
			name = Debug;
		};
		B4423DFB1C5B729D00B9B0A7 /* Release */ = {
			isa = XCBuildConfiguration;
			buildSettings = {
				BUNDLE_LOADER = "$(TEST_HOST)";
				INFOPLIST_FILE = TVTestTests/Info.plist;
				LD_RUNPATH_SEARCH_PATHS = "$(inherited) @executable_path/Frameworks @loader_path/Frameworks";
				PRODUCT_BUNDLE_IDENTIFIER = "com.tailored-apps.TVTestTests";
				PRODUCT_NAME = "$(TARGET_NAME)";
				TEST_HOST = "$(BUILT_PRODUCTS_DIR)/TVTest.app/TVTest";
			};
			name = Release;
		};
		B4423DFD1C5B729D00B9B0A7 /* Debug */ = {
			isa = XCBuildConfiguration;
			buildSettings = {
				INFOPLIST_FILE = TVTestUITests/Info.plist;
				LD_RUNPATH_SEARCH_PATHS = "$(inherited) @executable_path/Frameworks @loader_path/Frameworks";
				PRODUCT_BUNDLE_IDENTIFIER = "com.tailored-apps.TVTestUITests";
				PRODUCT_NAME = "$(TARGET_NAME)";
				TEST_TARGET_NAME = TVTest;
				USES_XCTRUNNER = YES;
			};
			name = Debug;
		};
		B4423DFE1C5B729D00B9B0A7 /* Release */ = {
			isa = XCBuildConfiguration;
			buildSettings = {
				INFOPLIST_FILE = TVTestUITests/Info.plist;
				LD_RUNPATH_SEARCH_PATHS = "$(inherited) @executable_path/Frameworks @loader_path/Frameworks";
				PRODUCT_BUNDLE_IDENTIFIER = "com.tailored-apps.TVTestUITests";
				PRODUCT_NAME = "$(TARGET_NAME)";
				TEST_TARGET_NAME = TVTest;
				USES_XCTRUNNER = YES;
			};
			name = Release;
		};
/* End XCBuildConfiguration section */

/* Begin XCConfigurationList section */
		B42E1E141C5BA7A200BDAC77 /* Build configuration list for PBXNativeTarget "iOSTest" */ = {
			isa = XCConfigurationList;
			buildConfigurations = (
				B42E1E0E1C5BA7A200BDAC77 /* Debug */,
				B42E1E0F1C5BA7A200BDAC77 /* Release */,
			);
			defaultConfigurationIsVisible = 0;
			defaultConfigurationName = Release;
		};
		B42E1E151C5BA7A200BDAC77 /* Build configuration list for PBXNativeTarget "iOSTestTests" */ = {
			isa = XCConfigurationList;
			buildConfigurations = (
				B42E1E101C5BA7A200BDAC77 /* Debug */,
				B42E1E111C5BA7A200BDAC77 /* Release */,
			);
			defaultConfigurationIsVisible = 0;
			defaultConfigurationName = Release;
		};
		B42E1E161C5BA7A200BDAC77 /* Build configuration list for PBXNativeTarget "iOSTestUITests" */ = {
			isa = XCConfigurationList;
			buildConfigurations = (
				B42E1E121C5BA7A200BDAC77 /* Debug */,
				B42E1E131C5BA7A200BDAC77 /* Release */,
			);
			defaultConfigurationIsVisible = 0;
			defaultConfigurationName = Release;
		};
		B4423DCA1C5B729C00B9B0A7 /* Build configuration list for PBXProject "TVTest" */ = {
			isa = XCConfigurationList;
			buildConfigurations = (
				B4423DF41C5B729D00B9B0A7 /* Debug */,
				B4423DF51C5B729D00B9B0A7 /* Release */,
			);
			defaultConfigurationIsVisible = 0;
			defaultConfigurationName = Release;
		};
		B4423DF61C5B729D00B9B0A7 /* Build configuration list for PBXNativeTarget "TVTest" */ = {
			isa = XCConfigurationList;
			buildConfigurations = (
				B4423DF71C5B729D00B9B0A7 /* Debug */,
				B4423DF81C5B729D00B9B0A7 /* Release */,
			);
			defaultConfigurationIsVisible = 0;
			defaultConfigurationName = Release;
		};
		B4423DF91C5B729D00B9B0A7 /* Build configuration list for PBXNativeTarget "TVTestTests" */ = {
			isa = XCConfigurationList;
			buildConfigurations = (
				B4423DFA1C5B729D00B9B0A7 /* Debug */,
				B4423DFB1C5B729D00B9B0A7 /* Release */,
			);
			defaultConfigurationIsVisible = 0;
			defaultConfigurationName = Release;
		};
		B4423DFC1C5B729D00B9B0A7 /* Build configuration list for PBXNativeTarget "TVTestUITests" */ = {
			isa = XCConfigurationList;
			buildConfigurations = (
				B4423DFD1C5B729D00B9B0A7 /* Debug */,
				B4423DFE1C5B729D00B9B0A7 /* Release */,
			);
			defaultConfigurationIsVisible = 0;
			defaultConfigurationName = Release;
		};
/* End XCConfigurationList section */
	};
	rootObject = B4423DC71C5B729C00B9B0A7 /* Project object */;
}
